{
  "name": "linql.client",
  "version": "1.0.0-alpha3",
  "lockfileVersion": 2,
  "requires": true,
  "packages": {
    "": {
      "name": "linql.client",
      "version": "1.0.0-alpha3",
      "dependencies": {
        "tslib": "^2.3.0"
      },
      "devDependencies": {
        "acorn-walk": "^8.2.0",
        "linql.core": "^1.0.0-alpha1",
        "node-fetch": "^3.3.1"
      },
      "peerDependencies": {
        "acorn-walk": "^8.2.0",
        "linql.core": "^1.0.0-alpha1",
        "node-fetch": "^3.3.1"
      }
    },
    "node_modules/acorn-walk": {
      "version": "8.2.0",
      "resolved": "https://pkgs.dev.azure.com/cbre/_packaging/ViewEngine/npm/registry/acorn-walk/-/acorn-walk-8.2.0.tgz",
      "integrity": "sha1-dBIQ8uJCZFRQiFOi9E0KuDt/acE=",
      "dev": true,
      "license": "MIT",
      "engines": {
        "node": ">=0.4.0"
      }
    },
    "node_modules/data-uri-to-buffer": {
      "version": "4.0.1",
      "resolved": "https://pkgs.dev.azure.com/cbre/_packaging/ViewEngine/npm/registry/data-uri-to-buffer/-/data-uri-to-buffer-4.0.1.tgz",
      "integrity": "sha1-2P6ysogeak9YwuCKz9Dig04mIi4=",
      "dev": true,
      "license": "MIT",
      "engines": {
        "node": ">= 12"
      }
    },
    "node_modules/fetch-blob": {
      "version": "3.2.0",
      "resolved": "https://pkgs.dev.azure.com/cbre/_packaging/ViewEngine/npm/registry/fetch-blob/-/fetch-blob-3.2.0.tgz",
      "integrity": "sha1-8JuNS71Frcbwwgt+eH55PjCdzOk=",
      "dev": true,
      "funding": [
        {
          "type": "github",
          "url": "https://github.com/sponsors/jimmywarting"
        },
        {
          "type": "paypal",
          "url": "https://paypal.me/jimmywarting"
        }
      ],
      "license": "MIT",
      "dependencies": {
        "node-domexception": "^1.0.0",
        "web-streams-polyfill": "^3.0.3"
      },
      "engines": {
        "node": "^12.20 || >= 14.13"
      }
    },
    "node_modules/formdata-polyfill": {
      "version": "4.0.10",
      "resolved": "https://pkgs.dev.azure.com/cbre/_packaging/ViewEngine/npm/registry/formdata-polyfill/-/formdata-polyfill-4.0.10.tgz",
      "integrity": "sha1-JIB8McnUAuACqz2McgFEzriEhCM=",
      "dev": true,
      "license": "MIT",
      "dependencies": {
        "fetch-blob": "^3.1.2"
      },
      "engines": {
        "node": ">=12.20.0"
      }
    },
    "node_modules/linql.core": {
      "version": "1.0.0-alpha1",
      "resolved": "http://localhost:4873/linql.core/-/linql.core-1.0.0-alpha1.tgz",
      "integrity": "sha512-21omfVZE6cYzgKD3W7XXKVC12Nx/yRcEHMfqQZQbqv2bnW3zHiWnPUtsFLm9m4CHa+libmwDmR3vqyA96gj8YQ==",
      "dev": true,
      "dependencies": {
        "tslib": "^2.3.0"
      }
    },
    "node_modules/node-domexception": {
      "version": "1.0.0",
      "resolved": "https://pkgs.dev.azure.com/cbre/_packaging/ViewEngine/npm/registry/node-domexception/-/node-domexception-1.0.0.tgz",
      "integrity": "sha1-aIjbRqH3HAt2s/dVUBa2P+ZHZuU=",
      "dev": true,
      "funding": [
        {
          "type": "github",
          "url": "https://github.com/sponsors/jimmywarting"
        },
        {
          "type": "github",
          "url": "https://paypal.me/jimmywarting"
        }
      ],
      "license": "MIT",
      "engines": {
        "node": ">=10.5.0"
      }
    },
    "node_modules/node-fetch": {
      "version": "3.3.1",
      "resolved": "https://pkgs.dev.azure.com/cbre/_packaging/ViewEngine/npm/registry/node-fetch/-/node-fetch-3.3.1.tgz",
      "integrity": "sha1-s+6ntUs6SAIORvT4i5xadDDSCy4=",
      "dev": true,
      "license": "MIT",
      "dependencies": {
        "data-uri-to-buffer": "^4.0.0",
        "fetch-blob": "^3.1.4",
        "formdata-polyfill": "^4.0.10"
      },
      "engines": {
        "node": "^12.20.0 || ^14.13.1 || >=16.0.0"
      },
      "funding": {
        "type": "opencollective",
        "url": "https://opencollective.com/node-fetch"
      }
    },
    "node_modules/tslib": {
      "version": "2.5.0",
      "resolved": "https://pkgs.dev.azure.com/cbre/_packaging/ViewEngine/npm/registry/tslib/-/tslib-2.5.0.tgz",
      "integrity": "sha1-Qr/thvV4eutB0DGGbI9AJCng/d8=",
      "license": "0BSD"
    },
    "node_modules/web-streams-polyfill": {
      "version": "3.2.1",
      "resolved": "https://pkgs.dev.azure.com/cbre/_packaging/ViewEngine/npm/registry/web-streams-polyfill/-/web-streams-polyfill-3.2.1.tgz",
      "integrity": "sha1-ccJxjFK0X9Sdvu6IY0s6YM6rQqY=",
      "dev": true,
      "license": "MIT",
      "engines": {
        "node": ">= 8"
      }
    }
  },
  "dependencies": {
    "acorn-walk": {
      "version": "8.2.0",
      "resolved": "https://pkgs.dev.azure.com/cbre/_packaging/ViewEngine/npm/registry/acorn-walk/-/acorn-walk-8.2.0.tgz",
      "integrity": "sha1-dBIQ8uJCZFRQiFOi9E0KuDt/acE=",
      "dev": true
    },
    "data-uri-to-buffer": {
      "version": "4.0.1",
      "resolved": "https://pkgs.dev.azure.com/cbre/_packaging/ViewEngine/npm/registry/data-uri-to-buffer/-/data-uri-to-buffer-4.0.1.tgz",
      "integrity": "sha1-2P6ysogeak9YwuCKz9Dig04mIi4=",
      "dev": true
    },
    "fetch-blob": {
      "version": "3.2.0",
      "resolved": "https://pkgs.dev.azure.com/cbre/_packaging/ViewEngine/npm/registry/fetch-blob/-/fetch-blob-3.2.0.tgz",
      "integrity": "sha1-8JuNS71Frcbwwgt+eH55PjCdzOk=",
      "dev": true,
      "requires": {
        "node-domexception": "^1.0.0",
        "web-streams-polyfill": "^3.0.3"
      }
    },
    "formdata-polyfill": {
      "version": "4.0.10",
      "resolved": "https://pkgs.dev.azure.com/cbre/_packaging/ViewEngine/npm/registry/formdata-polyfill/-/formdata-polyfill-4.0.10.tgz",
      "integrity": "sha1-JIB8McnUAuACqz2McgFEzriEhCM=",
      "dev": true,
      "requires": {
        "fetch-blob": "^3.1.2"
      }
    },
    "linql.core": {
      "version": "1.0.0-alpha1",
      "resolved": "http://localhost:4873/linql.core/-/linql.core-1.0.0-alpha1.tgz",
      "integrity": "sha512-21omfVZE6cYzgKD3W7XXKVC12Nx/yRcEHMfqQZQbqv2bnW3zHiWnPUtsFLm9m4CHa+libmwDmR3vqyA96gj8YQ==",
      "dev": true,
      "requires": {
        "tslib": "^2.3.0"
      }
    },
    "node-domexception": {
      "version": "1.0.0",
      "resolved": "https://pkgs.dev.azure.com/cbre/_packaging/ViewEngine/npm/registry/node-domexception/-/node-domexception-1.0.0.tgz",
      "integrity": "sha1-aIjbRqH3HAt2s/dVUBa2P+ZHZuU=",
      "dev": true
    },
    "node-fetch": {
      "version": "3.3.1",
      "resolved": "https://pkgs.dev.azure.com/cbre/_packaging/ViewEngine/npm/registry/node-fetch/-/node-fetch-3.3.1.tgz",
      "integrity": "sha1-s+6ntUs6SAIORvT4i5xadDDSCy4=",
      "dev": true,
      "requires": {
        "data-uri-to-buffer": "^4.0.0",
        "fetch-blob": "^3.1.4",
        "formdata-polyfill": "^4.0.10"
      }
    },
    "tslib": {
      "version": "2.5.0",
      "resolved": "https://pkgs.dev.azure.com/cbre/_packaging/ViewEngine/npm/registry/tslib/-/tslib-2.5.0.tgz",
      "integrity": "sha1-Qr/thvV4eutB0DGGbI9AJCng/d8="
    },
    "web-streams-polyfill": {
      "version": "3.2.1",
      "resolved": "https://pkgs.dev.azure.com/cbre/_packaging/ViewEngine/npm/registry/web-streams-polyfill/-/web-streams-polyfill-3.2.1.tgz",
      "integrity": "sha1-ccJxjFK0X9Sdvu6IY0s6YM6rQqY=",
      "dev": true
    }
  }
}
