{
  "name": "linql.client-fetch",
  "version": "1.0.0-alpha8",
  "lockfileVersion": 2,
  "requires": true,
  "packages": {
    "": {
      "name": "linql.client-fetch",
      "version": "1.0.0-alpha8",
      "dependencies": {
        "tslib": "^2.3.0"
      },
      "devDependencies": {
        "linql.client": "file:../../dist/linql.client"
      },
      "peerDependencies": {
        "linql.client": "^1.0.0-alpha8"
      }
    },
    "../../dist/linql.client": {
      "version": "1.0.0-alpha8",
      "dev": true,
      "dependencies": {
        "tslib": "^2.3.0"
      },
      "peerDependencies": {
        "acorn-walk": "^8.2.0",
        "linql.core": "file:../../dist/linql.core",
        "node-fetch": "^3.3.1"
      }
    },
    "../dist/linql.client": {
      "extraneous": true
    },
    "node_modules/linql.client": {
      "resolved": "../../dist/linql.client",
      "link": true
    },
    "node_modules/tslib": {
      "version": "2.5.0",
      "resolved": "https://pkgs.dev.azure.com/cbre/_packaging/ViewEngine/npm/registry/tslib/-/tslib-2.5.0.tgz",
      "integrity": "sha1-Qr/thvV4eutB0DGGbI9AJCng/d8=",
      "license": "0BSD"
    }
  },
  "dependencies": {
    "linql.client": {
      "version": "file:../../dist/linql.client",
      "requires": {
        "tslib": "^2.3.0"
      }
    },
    "tslib": {
      "version": "2.5.0",
      "resolved": "https://pkgs.dev.azure.com/cbre/_packaging/ViewEngine/npm/registry/tslib/-/tslib-2.5.0.tgz",
      "integrity": "sha1-Qr/thvV4eutB0DGGbI9AJCng/d8="
    }
  }
}
