
Microsoft Visual Studio Solution File, Format Version 12.00
# Visual Studio Version 17
VisualStudioVersion = 17.4.33213.308
MinimumVisualStudioVersion = 10.0.40219.1
Project("{9A19103F-16F7-4668-BE54-9A1E7A4F7556}") = "Linql.Client", "Client\Linql.Client.csproj", "{4A6DEF40-0B73-4DCE-BD3B-5983519E1695}"
EndProject
Project("{FAE04EC0-301F-11D3-BF4B-00C04F79EFBC}") = "Linql.Client.Test", "Test\Linql.Client.Test\Linql.Client.Test.csproj", "{11BFCA97-D8C8-475A-AB31-F6F84B2822D4}"
EndProject
Global
	GlobalSection(SolutionConfigurationPlatforms) = preSolution
		Debug|Any CPU = Debug|Any CPU
		Release|Any CPU = Release|Any CPU
	EndGlobalSection
	GlobalSection(ProjectConfigurationPlatforms) = postSolution
		{4A6DEF40-0B73-4DCE-BD3B-5983519E1695}.Debug|Any CPU.ActiveCfg = Debug|Any CPU
		{4A6DEF40-0B73-4DCE-BD3B-5983519E1695}.Debug|Any CPU.Build.0 = Debug|Any CPU
		{4A6DEF40-0B73-4DCE-BD3B-5983519E1695}.Release|Any CPU.ActiveCfg = Release|Any CPU
		{4A6DEF40-0B73-4DCE-BD3B-5983519E1695}.Release|Any CPU.Build.0 = Release|Any CPU
		{11BFCA97-D8C8-475A-AB31-F6F84B2822D4}.Debug|Any CPU.ActiveCfg = Debug|Any CPU
		{11BFCA97-D8C8-475A-AB31-F6F84B2822D4}.Debug|Any CPU.Build.0 = Debug|Any CPU
		{11BFCA97-D8C8-475A-AB31-F6F84B2822D4}.Release|Any CPU.ActiveCfg = Release|Any CPU
		{11BFCA97-D8C8-475A-AB31-F6F84B2822D4}.Release|Any CPU.Build.0 = Release|Any CPU
	EndGlobalSection
	GlobalSection(SolutionProperties) = preSolution
		HideSolutionNode = FALSE
	EndGlobalSection
	GlobalSection(ExtensibilityGlobals) = postSolution
		SolutionGuid = {BE494065-5944-4FED-858F-D9BC8347ECA2}
	EndGlobalSection
EndGlobal
