{
  "name": "linql.client-angular",
  "version": "1.0.0-alpha6",
  "lockfileVersion": 2,
  "requires": true,
  "packages": {
    "": {
      "name": "linql.client-angular",
      "version": "1.0.0-alpha6",
      "dependencies": {
        "tslib": "^2.3.0"
      },
      "peerDependencies": {
        "@angular/common": ">=14.0.0",
        "@angular/core": ">=14.0.0",
        "linql.client": "^1.0.0-alpha1",
        "rxjs": "^7.8.0"
      }
    },
    "node_modules/@angular/common": {
      "version": "15.2.2",
      "resolved": "https://pkgs.dev.azure.com/cbre/_packaging/ViewEngine/npm/registry/@angular/common/-/common-15.2.2.tgz",
      "integrity": "sha1-/qB8w9OriyQh6aqXUQa51VXX30s=",
      "license": "MIT",
      "peer": true,
      "dependencies": {
        "tslib": "^2.3.0"
      },
      "engines": {
        "node": "^14.20.0 || ^16.13.0 || >=18.10.0"
      },
      "peerDependencies": {
        "@angular/core": "15.2.2",
        "rxjs": "^6.5.3 || ^7.4.0"
      }
    },
    "node_modules/@angular/core": {
      "version": "15.2.2",
      "resolved": "https://pkgs.dev.azure.com/cbre/_packaging/ViewEngine/npm/registry/@angular/core/-/core-15.2.2.tgz",
      "integrity": "sha1-+2EgOOCbyTXjoCCWYXSjAwFWE9E=",
      "license": "MIT",
      "peer": true,
      "dependencies": {
        "tslib": "^2.3.0"
      },
      "engines": {
        "node": "^14.20.0 || ^16.13.0 || >=18.10.0"
      },
      "peerDependencies": {
        "rxjs": "^6.5.3 || ^7.4.0",
        "zone.js": "~0.11.4 || ~0.12.0 || ~0.13.0"
      }
    },
    "node_modules/acorn-walk": {
      "version": "8.2.0",
      "resolved": "http://localhost:4873/acorn-walk/-/acorn-walk-8.2.0.tgz",
      "integrity": "sha512-k+iyHEuPgSw6SbuDpGQM+06HQUa04DZ3o+F6CSzXMvvI5KMvnaEqXe+YVe555R9nn6GPt404fos4wcgpw12SDA==",
      "peer": true,
      "engines": {
        "node": ">=0.4.0"
      }
    },
    "node_modules/data-uri-to-buffer": {
      "version": "4.0.1",
      "resolved": "http://localhost:4873/data-uri-to-buffer/-/data-uri-to-buffer-4.0.1.tgz",
      "integrity": "sha512-0R9ikRb668HB7QDxT1vkpuUBtqc53YyAwMwGeUFKRojY/NWKvdZ+9UYtRfGmhqNbRkTSVpMbmyhXipFFv2cb/A==",
      "peer": true,
      "engines": {
        "node": ">= 12"
      }
    },
    "node_modules/fetch-blob": {
      "version": "3.2.0",
      "resolved": "http://localhost:4873/fetch-blob/-/fetch-blob-3.2.0.tgz",
      "integrity": "sha512-7yAQpD2UMJzLi1Dqv7qFYnPbaPx7ZfFK6PiIxQ4PfkGPyNyl2Ugx+a/umUonmKqjhM4DnfbMvdX6otXq83soQQ==",
      "funding": [
        {
          "type": "github",
          "url": "https://github.com/sponsors/jimmywarting"
        },
        {
          "type": "paypal",
          "url": "https://paypal.me/jimmywarting"
        }
      ],
      "peer": true,
      "dependencies": {
        "node-domexception": "^1.0.0",
        "web-streams-polyfill": "^3.0.3"
      },
      "engines": {
        "node": "^12.20 || >= 14.13"
      }
    },
    "node_modules/formdata-polyfill": {
      "version": "4.0.10",
      "resolved": "http://localhost:4873/formdata-polyfill/-/formdata-polyfill-4.0.10.tgz",
      "integrity": "sha512-buewHzMvYL29jdeQTVILecSaZKnt/RJWjoZCF5OW60Z67/GmSLBkOFM7qh1PI3zFNtJbaZL5eQu1vLfazOwj4g==",
      "peer": true,
      "dependencies": {
        "fetch-blob": "^3.1.2"
      },
      "engines": {
        "node": ">=12.20.0"
      }
    },
    "node_modules/linql.client": {
      "version": "1.0.0-alpha6",
      "resolved": "http://localhost:4873/linql.client/-/linql.client-1.0.0-alpha6.tgz",
      "integrity": "sha512-poas893jTIF5ZlnXcnGRpNPA7bUykl7vFe4zmgibvtwJGH6iFE8CBpez56HDK7ESENbIKQkregf+9caPxRQLQg==",
      "peer": true,
      "dependencies": {
        "tslib": "^2.3.0"
      },
      "peerDependencies": {
        "acorn-walk": "^8.2.0",
        "linql.core": "^1.0.0-alpha1",
        "node-fetch": "^3.3.1"
      }
    },
    "node_modules/linql.core": {
      "version": "1.0.0-alpha6",
      "resolved": "http://localhost:4873/linql.core/-/linql.core-1.0.0-alpha6.tgz",
      "integrity": "sha512-G/4PwBuUFr2PeNr3LxHhrFhz+jOjVCKVGlMpMoGWgTdARnC+21XtiHntwbyDcopNbEgXmMhdgK9Fpht9+t/lTA==",
      "peer": true,
      "dependencies": {
        "tslib": "^2.3.0"
      }
    },
    "node_modules/node-domexception": {
      "version": "1.0.0",
      "resolved": "http://localhost:4873/node-domexception/-/node-domexception-1.0.0.tgz",
      "integrity": "sha512-/jKZoMpw0F8GRwl4/eLROPA3cfcXtLApP0QzLmUT/HuPCZWyB7IY9ZrMeKw2O/nFIqPQB3PVM9aYm0F312AXDQ==",
      "funding": [
        {
          "type": "github",
          "url": "https://github.com/sponsors/jimmywarting"
        },
        {
          "type": "github",
          "url": "https://paypal.me/jimmywarting"
        }
      ],
      "peer": true,
      "engines": {
        "node": ">=10.5.0"
      }
    },
    "node_modules/node-fetch": {
      "version": "3.3.1",
      "resolved": "http://localhost:4873/node-fetch/-/node-fetch-3.3.1.tgz",
      "integrity": "sha512-cRVc/kyto/7E5shrWca1Wsea4y6tL9iYJE5FBCius3JQfb/4P4I295PfhgbJQBLTx6lATE4z+wK0rPM4VS2uow==",
      "peer": true,
      "dependencies": {
        "data-uri-to-buffer": "^4.0.0",
        "fetch-blob": "^3.1.4",
        "formdata-polyfill": "^4.0.10"
      },
      "engines": {
        "node": "^12.20.0 || ^14.13.1 || >=16.0.0"
      },
      "funding": {
        "type": "opencollective",
        "url": "https://opencollective.com/node-fetch"
      }
    },
    "node_modules/rxjs": {
      "version": "7.8.0",
      "resolved": "https://pkgs.dev.azure.com/cbre/_packaging/ViewEngine/npm/registry/rxjs/-/rxjs-7.8.0.tgz",
      "integrity": "sha1-kKk4hiqCiI/0xzWYEaWV4U4eCaQ=",
      "license": "Apache-2.0",
      "peer": true,
      "dependencies": {
        "tslib": "^2.1.0"
      }
    },
    "node_modules/tslib": {
      "version": "2.5.0",
      "resolved": "https://pkgs.dev.azure.com/cbre/_packaging/ViewEngine/npm/registry/tslib/-/tslib-2.5.0.tgz",
      "integrity": "sha1-Qr/thvV4eutB0DGGbI9AJCng/d8=",
      "license": "0BSD"
    },
    "node_modules/web-streams-polyfill": {
      "version": "3.2.1",
      "resolved": "http://localhost:4873/web-streams-polyfill/-/web-streams-polyfill-3.2.1.tgz",
      "integrity": "sha512-e0MO3wdXWKrLbL0DgGnUV7WHVuw9OUvL4hjgnPkIeEvESk74gAITi5G606JtZPp39cd8HA9VQzCIvA49LpPN5Q==",
      "peer": true,
      "engines": {
        "node": ">= 8"
      }
    },
    "node_modules/zone.js": {
      "version": "0.13.0",
      "resolved": "https://pkgs.dev.azure.com/cbre/_packaging/ViewEngine/npm/registry/zone.js/-/zone.js-0.13.0.tgz",
      "integrity": "sha1-THNcuO9JMStYwK0TRRmW3CsgKm0=",
      "license": "MIT",
      "peer": true,
      "dependencies": {
        "tslib": "^2.3.0"
      }
    }
  },
  "dependencies": {
    "@angular/common": {
      "version": "15.2.2",
      "resolved": "https://pkgs.dev.azure.com/cbre/_packaging/ViewEngine/npm/registry/@angular/common/-/common-15.2.2.tgz",
      "integrity": "sha1-/qB8w9OriyQh6aqXUQa51VXX30s=",
      "peer": true,
      "requires": {
        "tslib": "^2.3.0"
      }
    },
    "@angular/core": {
      "version": "15.2.2",
      "resolved": "https://pkgs.dev.azure.com/cbre/_packaging/ViewEngine/npm/registry/@angular/core/-/core-15.2.2.tgz",
      "integrity": "sha1-+2EgOOCbyTXjoCCWYXSjAwFWE9E=",
      "peer": true,
      "requires": {
        "tslib": "^2.3.0"
      }
    },
    "acorn-walk": {
      "version": "8.2.0",
      "resolved": "http://localhost:4873/acorn-walk/-/acorn-walk-8.2.0.tgz",
      "integrity": "sha512-k+iyHEuPgSw6SbuDpGQM+06HQUa04DZ3o+F6CSzXMvvI5KMvnaEqXe+YVe555R9nn6GPt404fos4wcgpw12SDA==",
      "peer": true
    },
    "data-uri-to-buffer": {
      "version": "4.0.1",
      "resolved": "http://localhost:4873/data-uri-to-buffer/-/data-uri-to-buffer-4.0.1.tgz",
      "integrity": "sha512-0R9ikRb668HB7QDxT1vkpuUBtqc53YyAwMwGeUFKRojY/NWKvdZ+9UYtRfGmhqNbRkTSVpMbmyhXipFFv2cb/A==",
      "peer": true
    },
    "fetch-blob": {
      "version": "3.2.0",
      "resolved": "http://localhost:4873/fetch-blob/-/fetch-blob-3.2.0.tgz",
      "integrity": "sha512-7yAQpD2UMJzLi1Dqv7qFYnPbaPx7ZfFK6PiIxQ4PfkGPyNyl2Ugx+a/umUonmKqjhM4DnfbMvdX6otXq83soQQ==",
      "peer": true,
      "requires": {
        "node-domexception": "^1.0.0",
        "web-streams-polyfill": "^3.0.3"
      }
    },
    "formdata-polyfill": {
      "version": "4.0.10",
      "resolved": "http://localhost:4873/formdata-polyfill/-/formdata-polyfill-4.0.10.tgz",
      "integrity": "sha512-buewHzMvYL29jdeQTVILecSaZKnt/RJWjoZCF5OW60Z67/GmSLBkOFM7qh1PI3zFNtJbaZL5eQu1vLfazOwj4g==",
      "peer": true,
      "requires": {
        "fetch-blob": "^3.1.2"
      }
    },
    "linql.client": {
      "version": "1.0.0-alpha6",
      "resolved": "http://localhost:4873/linql.client/-/linql.client-1.0.0-alpha6.tgz",
      "integrity": "sha512-poas893jTIF5ZlnXcnGRpNPA7bUykl7vFe4zmgibvtwJGH6iFE8CBpez56HDK7ESENbIKQkregf+9caPxRQLQg==",
      "peer": true,
      "requires": {
        "tslib": "^2.3.0"
      }
    },
    "linql.core": {
      "version": "1.0.0-alpha6",
      "resolved": "http://localhost:4873/linql.core/-/linql.core-1.0.0-alpha6.tgz",
      "integrity": "sha512-G/4PwBuUFr2PeNr3LxHhrFhz+jOjVCKVGlMpMoGWgTdARnC+21XtiHntwbyDcopNbEgXmMhdgK9Fpht9+t/lTA==",
      "peer": true,
      "requires": {
        "tslib": "^2.3.0"
      }
    },
    "node-domexception": {
      "version": "1.0.0",
      "resolved": "http://localhost:4873/node-domexception/-/node-domexception-1.0.0.tgz",
      "integrity": "sha512-/jKZoMpw0F8GRwl4/eLROPA3cfcXtLApP0QzLmUT/HuPCZWyB7IY9ZrMeKw2O/nFIqPQB3PVM9aYm0F312AXDQ==",
      "peer": true
    },
    "node-fetch": {
      "version": "3.3.1",
      "resolved": "http://localhost:4873/node-fetch/-/node-fetch-3.3.1.tgz",
      "integrity": "sha512-cRVc/kyto/7E5shrWca1Wsea4y6tL9iYJE5FBCius3JQfb/4P4I295PfhgbJQBLTx6lATE4z+wK0rPM4VS2uow==",
      "peer": true,
      "requires": {
        "data-uri-to-buffer": "^4.0.0",
        "fetch-blob": "^3.1.4",
        "formdata-polyfill": "^4.0.10"
      }
    },
    "rxjs": {
      "version": "7.8.0",
      "resolved": "https://pkgs.dev.azure.com/cbre/_packaging/ViewEngine/npm/registry/rxjs/-/rxjs-7.8.0.tgz",
      "integrity": "sha1-kKk4hiqCiI/0xzWYEaWV4U4eCaQ=",
      "peer": true,
      "requires": {
        "tslib": "^2.1.0"
      }
    },
    "tslib": {
      "version": "2.5.0",
      "resolved": "https://pkgs.dev.azure.com/cbre/_packaging/ViewEngine/npm/registry/tslib/-/tslib-2.5.0.tgz",
      "integrity": "sha1-Qr/thvV4eutB0DGGbI9AJCng/d8="
    },
    "web-streams-polyfill": {
      "version": "3.2.1",
      "resolved": "http://localhost:4873/web-streams-polyfill/-/web-streams-polyfill-3.2.1.tgz",
      "integrity": "sha512-e0MO3wdXWKrLbL0DgGnUV7WHVuw9OUvL4hjgnPkIeEvESk74gAITi5G606JtZPp39cd8HA9VQzCIvA49LpPN5Q==",
      "peer": true
    },
    "zone.js": {
      "version": "0.13.0",
      "resolved": "https://pkgs.dev.azure.com/cbre/_packaging/ViewEngine/npm/registry/zone.js/-/zone.js-0.13.0.tgz",
      "integrity": "sha1-THNcuO9JMStYwK0TRRmW3CsgKm0=",
      "peer": true,
      "requires": {
        "tslib": "^2.3.0"
      }
    }
  }
}
