{
  "name": "linql.client-angular",
  "version": "1.0.0-alpha9",
  "lockfileVersion": 2,
  "requires": true,
  "packages": {
    "": {
      "name": "linql.client-angular",
      "version": "1.0.0-alpha9",
      "dependencies": {
        "tslib": "^2.3.0"
      },
      "devDependencies": {
        "linql.client": "file:../../dist/linql.client"
      },
      "peerDependencies": {
        "@angular/common": ">=14.0.0",
        "@angular/core": ">=14.0.0",
        "linql.client": "^1.0.0-alpha8",
        "rxjs": "^7.8.0"
      }
    },
    "../../../dist/linql.client": {
      "extraneous": true
    },
    "../../dist/linql.client": {
      "version": "1.0.0-alpha9",
      "dev": true,
      "dependencies": {
        "tslib": "^2.3.0"
      },
      "peerDependencies": {
        "acorn-walk": "^8.2.0",
        "linql.core": "^1.0.0-alpha8",
        "node-fetch": "^3.3.1"
      }
    },
    "node_modules/@angular/common": {
      "version": "15.2.2",
      "resolved": "https://pkgs.dev.azure.com/cbre/_packaging/ViewEngine/npm/registry/@angular/common/-/common-15.2.2.tgz",
      "integrity": "sha1-/qB8w9OriyQh6aqXUQa51VXX30s=",
      "license": "MIT",
      "peer": true,
      "dependencies": {
        "tslib": "^2.3.0"
      },
      "engines": {
        "node": "^14.20.0 || ^16.13.0 || >=18.10.0"
      },
      "peerDependencies": {
        "@angular/core": "15.2.2",
        "rxjs": "^6.5.3 || ^7.4.0"
      }
    },
    "node_modules/@angular/core": {
      "version": "15.2.2",
      "resolved": "https://pkgs.dev.azure.com/cbre/_packaging/ViewEngine/npm/registry/@angular/core/-/core-15.2.2.tgz",
      "integrity": "sha1-+2EgOOCbyTXjoCCWYXSjAwFWE9E=",
      "license": "MIT",
      "peer": true,
      "dependencies": {
        "tslib": "^2.3.0"
      },
      "engines": {
        "node": "^14.20.0 || ^16.13.0 || >=18.10.0"
      },
      "peerDependencies": {
        "rxjs": "^6.5.3 || ^7.4.0",
        "zone.js": "~0.11.4 || ~0.12.0 || ~0.13.0"
      }
    },
    "node_modules/linql.client": {
      "resolved": "../../dist/linql.client",
      "link": true
    },
    "node_modules/rxjs": {
      "version": "7.8.0",
      "resolved": "https://pkgs.dev.azure.com/cbre/_packaging/ViewEngine/npm/registry/rxjs/-/rxjs-7.8.0.tgz",
      "integrity": "sha1-kKk4hiqCiI/0xzWYEaWV4U4eCaQ=",
      "license": "Apache-2.0",
      "peer": true,
      "dependencies": {
        "tslib": "^2.1.0"
      }
    },
    "node_modules/tslib": {
      "version": "2.5.0",
      "resolved": "https://pkgs.dev.azure.com/cbre/_packaging/ViewEngine/npm/registry/tslib/-/tslib-2.5.0.tgz",
      "integrity": "sha1-Qr/thvV4eutB0DGGbI9AJCng/d8=",
      "license": "0BSD"
    },
    "node_modules/zone.js": {
      "version": "0.13.0",
      "resolved": "https://pkgs.dev.azure.com/cbre/_packaging/ViewEngine/npm/registry/zone.js/-/zone.js-0.13.0.tgz",
      "integrity": "sha1-THNcuO9JMStYwK0TRRmW3CsgKm0=",
      "license": "MIT",
      "peer": true,
      "dependencies": {
        "tslib": "^2.3.0"
      }
    }
  },
  "dependencies": {
    "@angular/common": {
      "version": "15.2.2",
      "resolved": "https://pkgs.dev.azure.com/cbre/_packaging/ViewEngine/npm/registry/@angular/common/-/common-15.2.2.tgz",
      "integrity": "sha1-/qB8w9OriyQh6aqXUQa51VXX30s=",
      "peer": true,
      "requires": {
        "tslib": "^2.3.0"
      }
    },
    "@angular/core": {
      "version": "15.2.2",
      "resolved": "https://pkgs.dev.azure.com/cbre/_packaging/ViewEngine/npm/registry/@angular/core/-/core-15.2.2.tgz",
      "integrity": "sha1-+2EgOOCbyTXjoCCWYXSjAwFWE9E=",
      "peer": true,
      "requires": {
        "tslib": "^2.3.0"
      }
    },
    "linql.client": {
      "version": "file:../../dist/linql.client",
      "requires": {
        "tslib": "^2.3.0"
      }
    },
    "rxjs": {
      "version": "7.8.0",
      "resolved": "https://pkgs.dev.azure.com/cbre/_packaging/ViewEngine/npm/registry/rxjs/-/rxjs-7.8.0.tgz",
      "integrity": "sha1-kKk4hiqCiI/0xzWYEaWV4U4eCaQ=",
      "peer": true,
      "requires": {
        "tslib": "^2.1.0"
      }
    },
    "tslib": {
      "version": "2.5.0",
      "resolved": "https://pkgs.dev.azure.com/cbre/_packaging/ViewEngine/npm/registry/tslib/-/tslib-2.5.0.tgz",
      "integrity": "sha1-Qr/thvV4eutB0DGGbI9AJCng/d8="
    },
    "zone.js": {
      "version": "0.13.0",
      "resolved": "https://pkgs.dev.azure.com/cbre/_packaging/ViewEngine/npm/registry/zone.js/-/zone.js-0.13.0.tgz",
      "integrity": "sha1-THNcuO9JMStYwK0TRRmW3CsgKm0=",
      "peer": true,
      "requires": {
        "tslib": "^2.3.0"
      }
    }
  }
}
